// !$*UTF8*$!
{
	archiveVersion = 1;
	classes = {
	};
	objectVersion = 50;
	objects = {

/* Begin PBXBuildFile section */
		2801B3462317F50C0050F22B /* Urolog.framework in Frameworks */ = {isa = PBXBuildFile; fileRef = 2801B33C2317F50C0050F22B /* Urolog.framework */; };
		2801B34B2317F50C0050F22B /* UrologTests.swift in Sources */ = {isa = PBXBuildFile; fileRef = 2801B34A2317F50C0050F22B /* UrologTests.swift */; };
		2801B34D2317F50C0050F22B /* Urolog.h in Headers */ = {isa = PBXBuildFile; fileRef = 2801B33F2317F50C0050F22B /* Urolog.h */; settings = {ATTRIBUTES = (Public, ); }; };
		2801B358231806050050F22B /* Urolog.swift in Sources */ = {isa = PBXBuildFile; fileRef = 2801B357231806050050F22B /* Urolog.swift */; };
		2801B35C231809450050F22B /* Endpoint.swift in Sources */ = {isa = PBXBuildFile; fileRef = 2801B35B231809450050F22B /* Endpoint.swift */; };
		2801B35E231834B50050F22B /* SeverityTests.swift in Sources */ = {isa = PBXBuildFile; fileRef = 2801B35D231834B50050F22B /* SeverityTests.swift */; };
		2801B36023185A450050F22B /* Format.swift in Sources */ = {isa = PBXBuildFile; fileRef = 2801B35F23185A450050F22B /* Format.swift */; };
		285B1B63231949B4003F384B /* Context.swift in Sources */ = {isa = PBXBuildFile; fileRef = 285B1B62231949B4003F384B /* Context.swift */; };
		285B1B6523194F19003F384B /* Severity.swift in Sources */ = {isa = PBXBuildFile; fileRef = 285B1B6423194F19003F384B /* Severity.swift */; };
		285B1B6723194F36003F384B /* Writer.swift in Sources */ = {isa = PBXBuildFile; fileRef = 285B1B6623194F36003F384B /* Writer.swift */; };
		285B1B692319605E003F384B /* TargetTests.swift in Sources */ = {isa = PBXBuildFile; fileRef = 285B1B682319605E003F384B /* TargetTests.swift */; };
		287857EA231BBDF4006D0AAE /* FileAtPath.swift in Sources */ = {isa = PBXBuildFile; fileRef = 287857E9231BBDF4006D0AAE /* FileAtPath.swift */; };
		287857EC231BC333006D0AAE /* LogFileAtPath.swift in Sources */ = {isa = PBXBuildFile; fileRef = 287857EB231BC333006D0AAE /* LogFileAtPath.swift */; };
		287857EE231BC6F6006D0AAE /* StandardOutputEndpoint.swift in Sources */ = {isa = PBXBuildFile; fileRef = 287857ED231BC6F6006D0AAE /* StandardOutputEndpoint.swift */; };
		287FEF79231AE1F200862709 /* FileWriter.swift in Sources */ = {isa = PBXBuildFile; fileRef = 287FEF78231AE1F200862709 /* FileWriter.swift */; };
		287FEF7B231AE37000862709 /* FileEndpoint.swift in Sources */ = {isa = PBXBuildFile; fileRef = 287FEF7A231AE37000862709 /* FileEndpoint.swift */; };
		287FEF7D231AE45200862709 /* AsyncFileEndpoint.swift in Sources */ = {isa = PBXBuildFile; fileRef = 287FEF7C231AE45200862709 /* AsyncFileEndpoint.swift */; };
		287FEF7F231AE4B900862709 /* AsyncWriter.swift in Sources */ = {isa = PBXBuildFile; fileRef = 287FEF7E231AE4B900862709 /* AsyncWriter.swift */; };
		287FEF82231AEB7100862709 /* ConsoleWriter.swift in Sources */ = {isa = PBXBuildFile; fileRef = 287FEF81231AEB7100862709 /* ConsoleWriter.swift */; };
		28978AF3231C0C6500D80281 /* DefaultFormat.swift in Sources */ = {isa = PBXBuildFile; fileRef = 28978AF2231C0C6500D80281 /* DefaultFormat.swift */; };
		28978AF5231C0C7700D80281 /* DetailedFormat.swift in Sources */ = {isa = PBXBuildFile; fileRef = 28978AF4231C0C7700D80281 /* DetailedFormat.swift */; };
/* End PBXBuildFile section */

/* Begin PBXContainerItemProxy section */
		2801B3472317F50C0050F22B /* PBXContainerItemProxy */ = {
			isa = PBXContainerItemProxy;
			containerPortal = 2801B3332317F50C0050F22B /* Project object */;
			proxyType = 1;
			remoteGlobalIDString = 2801B33B2317F50C0050F22B;
			remoteInfo = Urolog;
		};
/* End PBXContainerItemProxy section */

/* Begin PBXFileReference section */
		2801B33C2317F50C0050F22B /* Urolog.framework */ = {isa = PBXFileReference; explicitFileType = wrapper.framework; includeInIndex = 0; path = Urolog.framework; sourceTree = BUILT_PRODUCTS_DIR; };
		2801B33F2317F50C0050F22B /* Urolog.h */ = {isa = PBXFileReference; lastKnownFileType = sourcecode.c.h; path = Urolog.h; sourceTree = "<group>"; };
		2801B3402317F50C0050F22B /* Info.plist */ = {isa = PBXFileReference; lastKnownFileType = text.plist.xml; path = Info.plist; sourceTree = "<group>"; };
		2801B3452317F50C0050F22B /* UrologTests.xctest */ = {isa = PBXFileReference; explicitFileType = wrapper.cfbundle; includeInIndex = 0; path = UrologTests.xctest; sourceTree = BUILT_PRODUCTS_DIR; };
		2801B34A2317F50C0050F22B /* UrologTests.swift */ = {isa = PBXFileReference; lastKnownFileType = sourcecode.swift; path = UrologTests.swift; sourceTree = "<group>"; };
		2801B34C2317F50C0050F22B /* Info.plist */ = {isa = PBXFileReference; lastKnownFileType = text.plist.xml; path = Info.plist; sourceTree = "<group>"; };
		2801B3562317FAC40050F22B /* Dev.md */ = {isa = PBXFileReference; lastKnownFileType = net.daringfireball.markdown; path = Dev.md; sourceTree = "<group>"; };
		2801B357231806050050F22B /* Urolog.swift */ = {isa = PBXFileReference; lastKnownFileType = sourcecode.swift; path = Urolog.swift; sourceTree = "<group>"; };
		2801B35B231809450050F22B /* Endpoint.swift */ = {isa = PBXFileReference; lastKnownFileType = sourcecode.swift; path = Endpoint.swift; sourceTree = "<group>"; };
		2801B35D231834B50050F22B /* SeverityTests.swift */ = {isa = PBXFileReference; lastKnownFileType = sourcecode.swift; path = SeverityTests.swift; sourceTree = "<group>"; };
		2801B35F23185A450050F22B /* Format.swift */ = {isa = PBXFileReference; lastKnownFileType = sourcecode.swift; path = Format.swift; sourceTree = "<group>"; };
		285B1B62231949B4003F384B /* Context.swift */ = {isa = PBXFileReference; lastKnownFileType = sourcecode.swift; path = Context.swift; sourceTree = "<group>"; };
		285B1B6423194F19003F384B /* Severity.swift */ = {isa = PBXFileReference; lastKnownFileType = sourcecode.swift; path = Severity.swift; sourceTree = "<group>"; };
		285B1B6623194F36003F384B /* Writer.swift */ = {isa = PBXFileReference; lastKnownFileType = sourcecode.swift; path = Writer.swift; sourceTree = "<group>"; };
		285B1B682319605E003F384B /* TargetTests.swift */ = {isa = PBXFileReference; lastKnownFileType = sourcecode.swift; path = TargetTests.swift; sourceTree = "<group>"; };
		287857E9231BBDF4006D0AAE /* FileAtPath.swift */ = {isa = PBXFileReference; fileEncoding = 4; lastKnownFileType = sourcecode.swift; path = FileAtPath.swift; sourceTree = "<group>"; };
		287857EB231BC333006D0AAE /* LogFileAtPath.swift */ = {isa = PBXFileReference; lastKnownFileType = sourcecode.swift; path = LogFileAtPath.swift; sourceTree = "<group>"; };
		287857ED231BC6F6006D0AAE /* StandardOutputEndpoint.swift */ = {isa = PBXFileReference; lastKnownFileType = sourcecode.swift; path = StandardOutputEndpoint.swift; sourceTree = "<group>"; };
		287FEF78231AE1F200862709 /* FileWriter.swift */ = {isa = PBXFileReference; lastKnownFileType = sourcecode.swift; path = FileWriter.swift; sourceTree = "<group>"; };
		287FEF7A231AE37000862709 /* FileEndpoint.swift */ = {isa = PBXFileReference; lastKnownFileType = sourcecode.swift; path = FileEndpoint.swift; sourceTree = "<group>"; };
		287FEF7C231AE45200862709 /* AsyncFileEndpoint.swift */ = {isa = PBXFileReference; lastKnownFileType = sourcecode.swift; path = AsyncFileEndpoint.swift; sourceTree = "<group>"; };
		287FEF7E231AE4B900862709 /* AsyncWriter.swift */ = {isa = PBXFileReference; lastKnownFileType = sourcecode.swift; path = AsyncWriter.swift; sourceTree = "<group>"; };
		287FEF81231AEB7100862709 /* ConsoleWriter.swift */ = {isa = PBXFileReference; lastKnownFileType = sourcecode.swift; path = ConsoleWriter.swift; sourceTree = "<group>"; };
		28978AF2231C0C6500D80281 /* DefaultFormat.swift */ = {isa = PBXFileReference; lastKnownFileType = sourcecode.swift; path = DefaultFormat.swift; sourceTree = "<group>"; };
		28978AF4231C0C7700D80281 /* DetailedFormat.swift */ = {isa = PBXFileReference; lastKnownFileType = sourcecode.swift; path = DetailedFormat.swift; sourceTree = "<group>"; };
/* End PBXFileReference section */

/* Begin PBXFrameworksBuildPhase section */
		2801B3392317F50C0050F22B /* Frameworks */ = {
			isa = PBXFrameworksBuildPhase;
			buildActionMask = 2147483647;
			files = (
			);
			runOnlyForDeploymentPostprocessing = 0;
		};
		2801B3422317F50C0050F22B /* Frameworks */ = {
			isa = PBXFrameworksBuildPhase;
			buildActionMask = 2147483647;
			files = (
				2801B3462317F50C0050F22B /* Urolog.framework in Frameworks */,
			);
			runOnlyForDeploymentPostprocessing = 0;
		};
/* End PBXFrameworksBuildPhase section */

/* Begin PBXGroup section */
		2801B3322317F50B0050F22B = {
			isa = PBXGroup;
			children = (
				2801B33E2317F50C0050F22B /* Urolog */,
				2801B3492317F50C0050F22B /* UrologTests */,
				2801B33D2317F50C0050F22B /* Products */,
			);
			sourceTree = "<group>";
		};
		2801B33D2317F50C0050F22B /* Products */ = {
			isa = PBXGroup;
			children = (
				2801B33C2317F50C0050F22B /* Urolog.framework */,
				2801B3452317F50C0050F22B /* UrologTests.xctest */,
			);
			name = Products;
			sourceTree = "<group>";
		};
		2801B33E2317F50C0050F22B /* Urolog */ = {
			isa = PBXGroup;
			children = (
				2801B33F2317F50C0050F22B /* Urolog.h */,
				2801B357231806050050F22B /* Urolog.swift */,
				287FEF85231AF27000862709 /* File */,
				287FEF80231AEAD400862709 /* Datum */,
				287FEF77231AD38200862709 /* Format */,
				287FEF76231AD35900862709 /* Writer */,
				287FEF75231AD34B00862709 /* Endpoint */,
				2801B3402317F50C0050F22B /* Info.plist */,
			);
			path = Urolog;
			sourceTree = "<group>";
		};
		2801B3492317F50C0050F22B /* UrologTests */ = {
			isa = PBXGroup;
			children = (
				2801B35D231834B50050F22B /* SeverityTests.swift */,
				285B1B682319605E003F384B /* TargetTests.swift */,
				2801B34A2317F50C0050F22B /* UrologTests.swift */,
				2801B3562317FAC40050F22B /* Dev.md */,
				2801B34C2317F50C0050F22B /* Info.plist */,
			);
			path = UrologTests;
			sourceTree = "<group>";
		};
		287FEF75231AD34B00862709 /* Endpoint */ = {
			isa = PBXGroup;
			children = (
				2801B35B231809450050F22B /* Endpoint.swift */,
				287857ED231BC6F6006D0AAE /* StandardOutputEndpoint.swift */,
				287FEF7A231AE37000862709 /* FileEndpoint.swift */,
				287FEF7C231AE45200862709 /* AsyncFileEndpoint.swift */,
			);
			path = Endpoint;
			sourceTree = "<group>";
		};
		287FEF76231AD35900862709 /* Writer */ = {
			isa = PBXGroup;
			children = (
				285B1B6623194F36003F384B /* Writer.swift */,
				287FEF81231AEB7100862709 /* ConsoleWriter.swift */,
				287FEF78231AE1F200862709 /* FileWriter.swift */,
				287FEF7E231AE4B900862709 /* AsyncWriter.swift */,
			);
			path = Writer;
			sourceTree = "<group>";
		};
		287FEF77231AD38200862709 /* Format */ = {
			isa = PBXGroup;
			children = (
				2801B35F23185A450050F22B /* Format.swift */,
				28978AF2231C0C6500D80281 /* DefaultFormat.swift */,
				28978AF4231C0C7700D80281 /* DetailedFormat.swift */,
			);
			path = Format;
			sourceTree = "<group>";
		};
		287FEF80231AEAD400862709 /* Datum */ = {
			isa = PBXGroup;
			children = (
				285B1B6423194F19003F384B /* Severity.swift */,
				285B1B62231949B4003F384B /* Context.swift */,
			);
			path = Datum;
			sourceTree = "<group>";
		};
		287FEF85231AF27000862709 /* File */ = {
			isa = PBXGroup;
			children = (
				287857E9231BBDF4006D0AAE /* FileAtPath.swift */,
				287857EB231BC333006D0AAE /* LogFileAtPath.swift */,
			);
			path = File;
			sourceTree = "<group>";
		};
/* End PBXGroup section */

/* Begin PBXHeadersBuildPhase section */
		2801B3372317F50C0050F22B /* Headers */ = {
			isa = PBXHeadersBuildPhase;
			buildActionMask = 2147483647;
			files = (
				2801B34D2317F50C0050F22B /* Urolog.h in Headers */,
			);
			runOnlyForDeploymentPostprocessing = 0;
		};
/* End PBXHeadersBuildPhase section */

/* Begin PBXNativeTarget section */
		2801B33B2317F50C0050F22B /* Urolog */ = {
			isa = PBXNativeTarget;
			buildConfigurationList = 2801B3502317F50C0050F22B /* Build configuration list for PBXNativeTarget "Urolog" */;
			buildPhases = (
				2801B3372317F50C0050F22B /* Headers */,
				2801B3382317F50C0050F22B /* Sources */,
				2801B3392317F50C0050F22B /* Frameworks */,
				2801B33A2317F50C0050F22B /* Resources */,
			);
			buildRules = (
			);
			dependencies = (
			);
			name = Urolog;
			productName = Urolog;
			productReference = 2801B33C2317F50C0050F22B /* Urolog.framework */;
			productType = "com.apple.product-type.framework";
		};
		2801B3442317F50C0050F22B /* UrologTests */ = {
			isa = PBXNativeTarget;
			buildConfigurationList = 2801B3532317F50C0050F22B /* Build configuration list for PBXNativeTarget "UrologTests" */;
			buildPhases = (
				2801B3412317F50C0050F22B /* Sources */,
				2801B3422317F50C0050F22B /* Frameworks */,
				2801B3432317F50C0050F22B /* Resources */,
			);
			buildRules = (
			);
			dependencies = (
				2801B3482317F50C0050F22B /* PBXTargetDependency */,
			);
			name = UrologTests;
			productName = UrologTests;
			productReference = 2801B3452317F50C0050F22B /* UrologTests.xctest */;
			productType = "com.apple.product-type.bundle.unit-test";
		};
/* End PBXNativeTarget section */

/* Begin PBXProject section */
		2801B3332317F50C0050F22B /* Project object */ = {
			isa = PBXProject;
			attributes = {
				LastSwiftUpdateCheck = 1030;
				LastUpgradeCheck = 1030;
				ORGANIZATIONNAME = ivadzy;
				TargetAttributes = {
					2801B33B2317F50C0050F22B = {
						CreatedOnToolsVersion = 10.3;
						LastSwiftMigration = 1030;
					};
					2801B3442317F50C0050F22B = {
						CreatedOnToolsVersion = 10.3;
					};
				};
			};
			buildConfigurationList = 2801B3362317F50C0050F22B /* Build configuration list for PBXProject "Urolog" */;
			compatibilityVersion = "Xcode 9.3";
			developmentRegion = en;
			hasScannedForEncodings = 0;
			knownRegions = (
				en,
			);
			mainGroup = 2801B3322317F50B0050F22B;
			productRefGroup = 2801B33D2317F50C0050F22B /* Products */;
			projectDirPath = "";
			projectRoot = "";
			targets = (
				2801B33B2317F50C0050F22B /* Urolog */,
				2801B3442317F50C0050F22B /* UrologTests */,
			);
		};
/* End PBXProject section */

/* Begin PBXResourcesBuildPhase section */
		2801B33A2317F50C0050F22B /* Resources */ = {
			isa = PBXResourcesBuildPhase;
			buildActionMask = 2147483647;
			files = (
			);
			runOnlyForDeploymentPostprocessing = 0;
		};
		2801B3432317F50C0050F22B /* Resources */ = {
			isa = PBXResourcesBuildPhase;
			buildActionMask = 2147483647;
			files = (
			);
			runOnlyForDeploymentPostprocessing = 0;
		};
/* End PBXResourcesBuildPhase section */

/* Begin PBXSourcesBuildPhase section */
		2801B3382317F50C0050F22B /* Sources */ = {
			isa = PBXSourcesBuildPhase;
			buildActionMask = 2147483647;
			files = (
				285B1B6723194F36003F384B /* Writer.swift in Sources */,
				287857EA231BBDF4006D0AAE /* FileAtPath.swift in Sources */,
				28978AF3231C0C6500D80281 /* DefaultFormat.swift in Sources */,
				287857EE231BC6F6006D0AAE /* StandardOutputEndpoint.swift in Sources */,
				28978AF5231C0C7700D80281 /* DetailedFormat.swift in Sources */,
				2801B35C231809450050F22B /* Endpoint.swift in Sources */,
				285B1B63231949B4003F384B /* Context.swift in Sources */,
				2801B358231806050050F22B /* Urolog.swift in Sources */,
				287FEF82231AEB7100862709 /* ConsoleWriter.swift in Sources */,
				2801B36023185A450050F22B /* Format.swift in Sources */,
				287FEF79231AE1F200862709 /* FileWriter.swift in Sources */,
				287FEF7B231AE37000862709 /* FileEndpoint.swift in Sources */,
				287FEF7F231AE4B900862709 /* AsyncWriter.swift in Sources */,
				285B1B6523194F19003F384B /* Severity.swift in Sources */,
				287857EC231BC333006D0AAE /* LogFileAtPath.swift in Sources */,
				287FEF7D231AE45200862709 /* AsyncFileEndpoint.swift in Sources */,
			);
			runOnlyForDeploymentPostprocessing = 0;
		};
		2801B3412317F50C0050F22B /* Sources */ = {
			isa = PBXSourcesBuildPhase;
			buildActionMask = 2147483647;
			files = (
				2801B35E231834B50050F22B /* SeverityTests.swift in Sources */,
				2801B34B2317F50C0050F22B /* UrologTests.swift in Sources */,
				285B1B692319605E003F384B /* TargetTests.swift in Sources */,
			);
			runOnlyForDeploymentPostprocessing = 0;
		};
/* End PBXSourcesBuildPhase section */

/* Begin PBXTargetDependency section */
		2801B3482317F50C0050F22B /* PBXTargetDependency */ = {
			isa = PBXTargetDependency;
			target = 2801B33B2317F50C0050F22B /* Urolog */;
			targetProxy = 2801B3472317F50C0050F22B /* PBXContainerItemProxy */;
		};
/* End PBXTargetDependency section */

/* Begin XCBuildConfiguration section */
		2801B34E2317F50C0050F22B /* Debug */ = {
			isa = XCBuildConfiguration;
			buildSettings = {
				ALWAYS_SEARCH_USER_PATHS = NO;
				CLANG_ANALYZER_NONNULL = YES;
				CLANG_ANALYZER_NUMBER_OBJECT_CONVERSION = YES_AGGRESSIVE;
				CLANG_CXX_LANGUAGE_STANDARD = "gnu++14";
				CLANG_CXX_LIBRARY = "libc++";
				CLANG_ENABLE_MODULES = YES;
				CLANG_ENABLE_OBJC_ARC = YES;
				CLANG_ENABLE_OBJC_WEAK = YES;
				CLANG_WARN_BLOCK_CAPTURE_AUTORELEASING = YES;
				CLANG_WARN_BOOL_CONVERSION = YES;
				CLANG_WARN_COMMA = YES;
				CLANG_WARN_CONSTANT_CONVERSION = YES;
				CLANG_WARN_DEPRECATED_OBJC_IMPLEMENTATIONS = YES;
				CLANG_WARN_DIRECT_OBJC_ISA_USAGE = YES_ERROR;
				CLANG_WARN_DOCUMENTATION_COMMENTS = YES;
				CLANG_WARN_EMPTY_BODY = YES;
				CLANG_WARN_ENUM_CONVERSION = YES;
				CLANG_WARN_INFINITE_RECURSION = YES;
				CLANG_WARN_INT_CONVERSION = YES;
				CLANG_WARN_NON_LITERAL_NULL_CONVERSION = YES;
				CLANG_WARN_OBJC_IMPLICIT_RETAIN_SELF = YES;
				CLANG_WARN_OBJC_LITERAL_CONVERSION = YES;
				CLANG_WARN_OBJC_ROOT_CLASS = YES_ERROR;
				CLANG_WARN_RANGE_LOOP_ANALYSIS = YES;
				CLANG_WARN_STRICT_PROTOTYPES = YES;
				CLANG_WARN_SUSPICIOUS_MOVE = YES;
				CLANG_WARN_UNGUARDED_AVAILABILITY = YES_AGGRESSIVE;
				CLANG_WARN_UNREACHABLE_CODE = YES;
				CLANG_WARN__DUPLICATE_METHOD_MATCH = YES;
				CODE_SIGN_IDENTITY = "iPhone Developer";
				COPY_PHASE_STRIP = NO;
				CURRENT_PROJECT_VERSION = 1;
				DEBUG_INFORMATION_FORMAT = dwarf;
				ENABLE_STRICT_OBJC_MSGSEND = YES;
				ENABLE_TESTABILITY = YES;
				GCC_C_LANGUAGE_STANDARD = gnu11;
				GCC_DYNAMIC_NO_PIC = NO;
				GCC_NO_COMMON_BLOCKS = YES;
				GCC_OPTIMIZATION_LEVEL = 0;
				GCC_PREPROCESSOR_DEFINITIONS = (
					"DEBUG=1",
					"$(inherited)",
				);
				GCC_WARN_64_TO_32_BIT_CONVERSION = YES;
				GCC_WARN_ABOUT_RETURN_TYPE = YES_ERROR;
				GCC_WARN_UNDECLARED_SELECTOR = YES;
				GCC_WARN_UNINITIALIZED_AUTOS = YES_AGGRESSIVE;
				GCC_WARN_UNUSED_FUNCTION = YES;
				GCC_WARN_UNUSED_VARIABLE = YES;
				IPHONEOS_DEPLOYMENT_TARGET = 12.4;
				MTL_ENABLE_DEBUG_INFO = INCLUDE_SOURCE;
				MTL_FAST_MATH = YES;
				ONLY_ACTIVE_ARCH = YES;
				SDKROOT = iphoneos;
				SWIFT_ACTIVE_COMPILATION_CONDITIONS = DEBUG;
				SWIFT_OPTIMIZATION_LEVEL = "-Onone";
				VERSIONING_SYSTEM = "apple-generic";
				VERSION_INFO_PREFIX = "";
			};
			name = Debug;
		};
		2801B34F2317F50C0050F22B /* Release */ = {
			isa = XCBuildConfiguration;
			buildSettings = {
				ALWAYS_SEARCH_USER_PATHS = NO;
				CLANG_ANALYZER_NONNULL = YES;
				CLANG_ANALYZER_NUMBER_OBJECT_CONVERSION = YES_AGGRESSIVE;
				CLANG_CXX_LANGUAGE_STANDARD = "gnu++14";
				CLANG_CXX_LIBRARY = "libc++";
				CLANG_ENABLE_MODULES = YES;
				CLANG_ENABLE_OBJC_ARC = YES;
				CLANG_ENABLE_OBJC_WEAK = YES;
				CLANG_WARN_BLOCK_CAPTURE_AUTORELEASING = YES;
				CLANG_WARN_BOOL_CONVERSION = YES;
				CLANG_WARN_COMMA = YES;
				CLANG_WARN_CONSTANT_CONVERSION = YES;
				CLANG_WARN_DEPRECATED_OBJC_IMPLEMENTATIONS = YES;
				CLANG_WARN_DIRECT_OBJC_ISA_USAGE = YES_ERROR;
				CLANG_WARN_DOCUMENTATION_COMMENTS = YES;
				CLANG_WARN_EMPTY_BODY = YES;
				CLANG_WARN_ENUM_CONVERSION = YES;
				CLANG_WARN_INFINITE_RECURSION = YES;
				CLANG_WARN_INT_CONVERSION = YES;
				CLANG_WARN_NON_LITERAL_NULL_CONVERSION = YES;
				CLANG_WARN_OBJC_IMPLICIT_RETAIN_SELF = YES;
				CLANG_WARN_OBJC_LITERAL_CONVERSION = YES;
				CLANG_WARN_OBJC_ROOT_CLASS = YES_ERROR;
				CLANG_WARN_RANGE_LOOP_ANALYSIS = YES;
				CLANG_WARN_STRICT_PROTOTYPES = YES;
				CLANG_WARN_SUSPICIOUS_MOVE = YES;
				CLANG_WARN_UNGUARDED_AVAILABILITY = YES_AGGRESSIVE;
				CLANG_WARN_UNREACHABLE_CODE = YES;
				CLANG_WARN__DUPLICATE_METHOD_MATCH = YES;
				CODE_SIGN_IDENTITY = "iPhone Developer";
				COPY_PHASE_STRIP = NO;
				CURRENT_PROJECT_VERSION = 1;
				DEBUG_INFORMATION_FORMAT = "dwarf-with-dsym";
				ENABLE_NS_ASSERTIONS = NO;
				ENABLE_STRICT_OBJC_MSGSEND = YES;
				GCC_C_LANGUAGE_STANDARD = gnu11;
				GCC_NO_COMMON_BLOCKS = YES;
				GCC_WARN_64_TO_32_BIT_CONVERSION = YES;
				GCC_WARN_ABOUT_RETURN_TYPE = YES_ERROR;
				GCC_WARN_UNDECLARED_SELECTOR = YES;
				GCC_WARN_UNINITIALIZED_AUTOS = YES_AGGRESSIVE;
				GCC_WARN_UNUSED_FUNCTION = YES;
				GCC_WARN_UNUSED_VARIABLE = YES;
				IPHONEOS_DEPLOYMENT_TARGET = 12.4;
				MTL_ENABLE_DEBUG_INFO = NO;
				MTL_FAST_MATH = YES;
				SDKROOT = iphoneos;
				SWIFT_COMPILATION_MODE = wholemodule;
				SWIFT_OPTIMIZATION_LEVEL = "-O";
				VALIDATE_PRODUCT = YES;
				VERSIONING_SYSTEM = "apple-generic";
				VERSION_INFO_PREFIX = "";
			};
			name = Release;
		};
		2801B3512317F50C0050F22B /* Debug */ = {
			isa = XCBuildConfiguration;
			buildSettings = {
				CLANG_ENABLE_MODULES = YES;
				CODE_SIGN_IDENTITY = "";
				CODE_SIGN_STYLE = Automatic;
				DEFINES_MODULE = YES;
				DEVELOPMENT_TEAM = 6M9LRL268Y;
				DYLIB_COMPATIBILITY_VERSION = 1;
				DYLIB_CURRENT_VERSION = 1;
				DYLIB_INSTALL_NAME_BASE = "@rpath";
				INFOPLIST_FILE = Urolog/Info.plist;
				INSTALL_PATH = "$(LOCAL_LIBRARY_DIR)/Frameworks";
				LD_RUNPATH_SEARCH_PATHS = (
					"$(inherited)",
					"@executable_path/Frameworks",
					"@loader_path/Frameworks",
				);
				PRODUCT_BUNDLE_IDENTIFIER = ivadzy.urolog;
				PRODUCT_NAME = "$(TARGET_NAME:c99extidentifier)";
				SKIP_INSTALL = YES;
				SWIFT_OPTIMIZATION_LEVEL = "-Onone";
				SWIFT_VERSION = 5.0;
				TARGETED_DEVICE_FAMILY = "1,2";
			};
			name = Debug;
		};
		2801B3522317F50C0050F22B /* Release */ = {
			isa = XCBuildConfiguration;
			buildSettings = {
				CLANG_ENABLE_MODULES = YES;
				CODE_SIGN_IDENTITY = "";
				CODE_SIGN_STYLE = Automatic;
				DEFINES_MODULE = YES;
				DEVELOPMENT_TEAM = 6M9LRL268Y;
				DYLIB_COMPATIBILITY_VERSION = 1;
				DYLIB_CURRENT_VERSION = 1;
				DYLIB_INSTALL_NAME_BASE = "@rpath";
				INFOPLIST_FILE = Urolog/Info.plist;
				INSTALL_PATH = "$(LOCAL_LIBRARY_DIR)/Frameworks";
				LD_RUNPATH_SEARCH_PATHS = (
					"$(inherited)",
					"@executable_path/Frameworks",
					"@loader_path/Frameworks",
				);
				PRODUCT_BUNDLE_IDENTIFIER = ivadzy.urolog;
				PRODUCT_NAME = "$(TARGET_NAME:c99extidentifier)";
				SKIP_INSTALL = YES;
				SWIFT_VERSION = 5.0;
				TARGETED_DEVICE_FAMILY = "1,2";
			};
			name = Release;
		};
		2801B3542317F50C0050F22B /* Debug */ = {
			isa = XCBuildConfiguration;
			buildSettings = {
				ALWAYS_EMBED_SWIFT_STANDARD_LIBRARIES = YES;
				CODE_SIGN_STYLE = Automatic;
				DEVELOPMENT_TEAM = 6M9LRL268Y;
				INFOPLIST_FILE = UrologTests/Info.plist;
				LD_RUNPATH_SEARCH_PATHS = (
					"$(inherited)",
					"@executable_path/Frameworks",
					"@loader_path/Frameworks",
				);
				PRODUCT_BUNDLE_IDENTIFIER = ivadzy.UrologTests;
				PRODUCT_NAME = "$(TARGET_NAME)";
				SWIFT_VERSION = 5.0;
				TARGETED_DEVICE_FAMILY = "1,2";
			};
			name = Debug;
		};
		2801B3552317F50C0050F22B /* Release */ = {
			isa = XCBuildConfiguration;
			buildSettings = {
				ALWAYS_EMBED_SWIFT_STANDARD_LIBRARIES = YES;
				CODE_SIGN_STYLE = Automatic;
				DEVELOPMENT_TEAM = 6M9LRL268Y;
				INFOPLIST_FILE = UrologTests/Info.plist;
				LD_RUNPATH_SEARCH_PATHS = (
					"$(inherited)",
					"@executable_path/Frameworks",
					"@loader_path/Frameworks",
				);
				PRODUCT_BUNDLE_IDENTIFIER = ivadzy.UrologTests;
				PRODUCT_NAME = "$(TARGET_NAME)";
				SWIFT_VERSION = 5.0;
				TARGETED_DEVICE_FAMILY = "1,2";
			};
			name = Release;
		};
/* End XCBuildConfiguration section */

/* Begin XCConfigurationList section */
		2801B3362317F50C0050F22B /* Build configuration list for PBXProject "Urolog" */ = {
			isa = XCConfigurationList;
			buildConfigurations = (
				2801B34E2317F50C0050F22B /* Debug */,
				2801B34F2317F50C0050F22B /* Release */,
			);
			defaultConfigurationIsVisible = 0;
			defaultConfigurationName = Release;
		};
		2801B3502317F50C0050F22B /* Build configuration list for PBXNativeTarget "Urolog" */ = {
			isa = XCConfigurationList;
			buildConfigurations = (
				2801B3512317F50C0050F22B /* Debug */,
				2801B3522317F50C0050F22B /* Release */,
			);
			defaultConfigurationIsVisible = 0;
			defaultConfigurationName = Release;
		};
		2801B3532317F50C0050F22B /* Build configuration list for PBXNativeTarget "UrologTests" */ = {
			isa = XCConfigurationList;
			buildConfigurations = (
				2801B3542317F50C0050F22B /* Debug */,
				2801B3552317F50C0050F22B /* Release */,
			);
			defaultConfigurationIsVisible = 0;
			defaultConfigurationName = Release;
		};
/* End XCConfigurationList section */
	};
	rootObject = 2801B3332317F50C0050F22B /* Project object */;
}
